PODS:
  - BigInt (5.2.0)
  - CryptoSwift (1.4.3)
  - secp256k1.swift (0.1.4)

DEPENDENCIES:
  - BigInt (~> 5.2.0)
  - CryptoSwift (~> 1.4.3)
  - secp256k1.swift (~> 0.1.4)

SPEC REPOS:
  trunk:
    - BigInt
    - CryptoSwift
    - secp256k1.swift

SPEC CHECKSUMS:
  BigInt: f668a80089607f521586bbe29513d708491ef2f7
  CryptoSwift: a0799ee936271bd2253a006f1e4523df21845000
  secp256k1.swift: a7e7a214f6db6ce5db32cc6b2b45e5c4dd633634

PODFILE CHECKSUM: 31701ad183efce88b8816ae81bf4c8bf0a711b5c

COCOAPODS: 1.11.3
