// !$*UTF8*$!
{
	archiveVersion = 1;
	classes = {
	};
	objectVersion = 50;
	objects = {

/* Begin PBXBuildFile section */
		8141DDB321E5C36600F803DA /* AppDelegate.swift in Sources */ = {isa = PBXBuildFile; fileRef = 8141DDB221E5C36600F803DA /* AppDelegate.swift */; };
		8141DDB521E5C36600F803DA /* ViewController.swift in Sources */ = {isa = PBXBuildFile; fileRef = 8141DDB421E5C36600F803DA /* ViewController.swift */; };
		8141DDB821E5C36600F803DA /* Main.storyboard in Resources */ = {isa = PBXBuildFile; fileRef = 8141DDB621E5C36600F803DA /* Main.storyboard */; };
		8141DDBA21E5C36800F803DA /* Assets.xcassets in Resources */ = {isa = PBXBuildFile; fileRef = 8141DDB921E5C36800F803DA /* Assets.xcassets */; };
		8141DDBD21E5C36800F803DA /* LaunchScreen.storyboard in Resources */ = {isa = PBXBuildFile; fileRef = 8141DDBB21E5C36800F803DA /* LaunchScreen.storyboard */; };
		8141DDC821E5C36800F803DA /* platonWeb3DemoUITests.swift in Sources */ = {isa = PBXBuildFile; fileRef = 8141DDC721E5C36800F803DA /* platonWeb3DemoUITests.swift */; };
		8141DED121E5CACC00F803DA /* Web3+completion.swift in Sources */ = {isa = PBXBuildFile; fileRef = 8141DE8021E5CACB00F803DA /* Web3+completion.swift */; };
		8141DED221E5CACC00F803DA /* EthereumPublicKey.swift in Sources */ = {isa = PBXBuildFile; fileRef = 8141DE8321E5CACB00F803DA /* EthereumPublicKey.swift */; };
		8141DED321E5CACC00F803DA /* EthereumAddress.swift in Sources */ = {isa = PBXBuildFile; fileRef = 8141DE8421E5CACB00F803DA /* EthereumAddress.swift */; };
		8141DED421E5CACC00F803DA /* EthereumPrivateKey.swift in Sources */ = {isa = PBXBuildFile; fileRef = 8141DE8521E5CACB00F803DA /* EthereumPrivateKey.swift */; };
		8141DED521E5CACC00F803DA /* EthereumTransaction.swift in Sources */ = {isa = PBXBuildFile; fileRef = 8141DE8621E5CACB00F803DA /* EthereumTransaction.swift */; };
		8141DED621E5CACC00F803DA /* Web3Provider.swift in Sources */ = {isa = PBXBuildFile; fileRef = 8141DE8821E5CACB00F803DA /* Web3Provider.swift */; };
		8141DED721E5CACC00F803DA /* Web3.swift in Sources */ = {isa = PBXBuildFile; fileRef = 8141DE8A21E5CACB00F803DA /* Web3.swift */; };
		8141DED821E5CACC00F803DA /* RLPItem.swift in Sources */ = {isa = PBXBuildFile; fileRef = 8141DE8C21E5CACB00F803DA /* RLPItem.swift */; };
		8141DED921E5CACC00F803DA /* RLPEncoder.swift in Sources */ = {isa = PBXBuildFile; fileRef = 8141DE8D21E5CACB00F803DA /* RLPEncoder.swift */; };
		8141DEDA21E5CACC00F803DA /* RLPItemConvertible.swift in Sources */ = {isa = PBXBuildFile; fileRef = 8141DE8E21E5CACB00F803DA /* RLPItemConvertible.swift */; };
		8141DEDB21E5CACC00F803DA /* RLPDecoder.swift in Sources */ = {isa = PBXBuildFile; fileRef = 8141DE8F21E5CACB00F803DA /* RLPDecoder.swift */; };
		8141DEDC21E5CACC00F803DA /* Types+RLPItemConvertible.swift in Sources */ = {isa = PBXBuildFile; fileRef = 8141DE9021E5CACB00F803DA /* Types+RLPItemConvertible.swift */; };
		8141DEDD21E5CACC00F803DA /* EthereumBlockObject.swift in Sources */ = {isa = PBXBuildFile; fileRef = 8141DE9221E5CACB00F803DA /* EthereumBlockObject.swift */; };
		8141DEDE21E5CACC00F803DA /* EthereumTransactionReceiptObject.swift in Sources */ = {isa = PBXBuildFile; fileRef = 8141DE9321E5CACB00F803DA /* EthereumTransactionReceiptObject.swift */; };
		8141DEDF21E5CACC00F803DA /* EthereumData.swift in Sources */ = {isa = PBXBuildFile; fileRef = 8141DE9421E5CACB00F803DA /* EthereumData.swift */; };
		8141DEE021E5CACC00F803DA /* RPCRequest.swift in Sources */ = {isa = PBXBuildFile; fileRef = 8141DE9521E5CACB00F803DA /* RPCRequest.swift */; };
		8141DEE121E5CACC00F803DA /* EthereumSyncStatusObject.swift in Sources */ = {isa = PBXBuildFile; fileRef = 8141DE9621E5CACB00F803DA /* EthereumSyncStatusObject.swift */; };
		8141DEE221E5CACC00F803DA /* EthereumValueConvertible.swift in Sources */ = {isa = PBXBuildFile; fileRef = 8141DE9721E5CACB00F803DA /* EthereumValueConvertible.swift */; };
		8141DEE321E5CACC00F803DA /* EthereumQuantity.swift in Sources */ = {isa = PBXBuildFile; fileRef = 8141DE9821E5CACB00F803DA /* EthereumQuantity.swift */; };
		8141DEE421E5CACC00F803DA /* EthereumTransactionObject.swift in Sources */ = {isa = PBXBuildFile; fileRef = 8141DE9921E5CACB00F803DA /* EthereumTransactionObject.swift */; };
		8141DEE521E5CACC00F803DA /* EthereumValue.swift in Sources */ = {isa = PBXBuildFile; fileRef = 8141DE9A21E5CACB00F803DA /* EthereumValue.swift */; };
		8141DEE621E5CACC00F803DA /* RPCResponse.swift in Sources */ = {isa = PBXBuildFile; fileRef = 8141DE9B21E5CACB00F803DA /* RPCResponse.swift */; };
		8141DEE721E5CACC00F803DA /* EthereumCall.swift in Sources */ = {isa = PBXBuildFile; fileRef = 8141DE9C21E5CACB00F803DA /* EthereumCall.swift */; };
		8141DEE821E5CACC00F803DA /* EthereumQuantityTag.swift in Sources */ = {isa = PBXBuildFile; fileRef = 8141DE9D21E5CACB00F803DA /* EthereumQuantityTag.swift */; };
		8141DEE921E5CACC00F803DA /* Types+EthereumValueConvertible.swift in Sources */ = {isa = PBXBuildFile; fileRef = 8141DE9E21E5CACB00F803DA /* Types+EthereumValueConvertible.swift */; };
		8141DEEA21E5CACC00F803DA /* EthereumLogObject.swift in Sources */ = {isa = PBXBuildFile; fileRef = 8141DE9F21E5CACB00F803DA /* EthereumLogObject.swift */; };
		8141DEEB21E5CACC00F803DA /* String+BytesConvertible.swift in Sources */ = {isa = PBXBuildFile; fileRef = 8141DEA121E5CACB00F803DA /* String+BytesConvertible.swift */; };
		8141DEEC21E5CACC00F803DA /* Bytes+HexString.swift in Sources */ = {isa = PBXBuildFile; fileRef = 8141DEA221E5CACB00F803DA /* Bytes+HexString.swift */; };
		8141DEED21E5CACC00F803DA /* UInt+BytesRepresentable.swift in Sources */ = {isa = PBXBuildFile; fileRef = 8141DEA321E5CACB00F803DA /* UInt+BytesRepresentable.swift */; };
		8141DEEE21E5CACC00F803DA /* Bytes+TrimLeadingZeros.swift in Sources */ = {isa = PBXBuildFile; fileRef = 8141DEA421E5CACB00F803DA /* Bytes+TrimLeadingZeros.swift */; };
		8141DEEF21E5CACC00F803DA /* Bytes+SecureRandom.swift in Sources */ = {isa = PBXBuildFile; fileRef = 8141DEA521E5CACB00F803DA /* Bytes+SecureRandom.swift */; };
		8141DEF021E5CACC00F803DA /* String+HexBytes.swift in Sources */ = {isa = PBXBuildFile; fileRef = 8141DEA621E5CACB00F803DA /* String+HexBytes.swift */; };
		8141DEF121E5CACC00F803DA /* BytesConvertible.swift in Sources */ = {isa = PBXBuildFile; fileRef = 8141DEA721E5CACB00F803DA /* BytesConvertible.swift */; };
		8141DEF221E5CACC00F803DA /* String+Conversion.swift in Sources */ = {isa = PBXBuildFile; fileRef = 8141DEA821E5CACB00F803DA /* String+Conversion.swift */; };
		8141DEF321E5CACC00F803DA /* Data+BytesConvertible.swift in Sources */ = {isa = PBXBuildFile; fileRef = 8141DEA921E5CACB00F803DA /* Data+BytesConvertible.swift */; };
		8141DEF421E5CACC00F803DA /* CharacterSet+Hex.swift in Sources */ = {isa = PBXBuildFile; fileRef = 8141DEAA21E5CACB00F803DA /* CharacterSet+Hex.swift */; };
		8141DEF521E5CACC00F803DA /* BigUInt+BytesConvertible.swift in Sources */ = {isa = PBXBuildFile; fileRef = 8141DEAB21E5CACB00F803DA /* BigUInt+BytesConvertible.swift */; };
		8141DEF621E5CACC00F803DA /* Bytes+UInt.swift in Sources */ = {isa = PBXBuildFile; fileRef = 8141DEAC21E5CACB00F803DA /* Bytes+UInt.swift */; };
		8141DEF721E5CACC00F803DA /* Exports+Web3.swift in Sources */ = {isa = PBXBuildFile; fileRef = 8141DEAD21E5CACB00F803DA /* Exports+Web3.swift */; };
		8141DEF821E5CACC00F803DA /* Int+ETH.swift in Sources */ = {isa = PBXBuildFile; fileRef = 8141DEAE21E5CACB00F803DA /* Int+ETH.swift */; };
		8141DEF921E5CACC00F803DA /* Values+GeneralHashable.swift in Sources */ = {isa = PBXBuildFile; fileRef = 8141DEAF21E5CACB00F803DA /* Values+GeneralHashable.swift */; };
		8141DEFA21E5CACC00F803DA /* UnsignedInteger+BytesConvertible.swift in Sources */ = {isa = PBXBuildFile; fileRef = 8141DEB021E5CACB00F803DA /* UnsignedInteger+BytesConvertible.swift */; };
		8141DEFB21E5CACC00F803DA /* Secp256k1+CTXCreator.swift in Sources */ = {isa = PBXBuildFile; fileRef = 8141DEB121E5CACB00F803DA /* Secp256k1+CTXCreator.swift */; };
		8141DEFC21E5CACC00F803DA /* UnsignedInteger+Shifting.swift in Sources */ = {isa = PBXBuildFile; fileRef = 8141DEB221E5CACB00F803DA /* UnsignedInteger+Shifting.swift */; };
		8141DEFD21E5CACC00F803DA /* Eth+Contract.swift in Sources */ = {isa = PBXBuildFile; fileRef = 8141DEB521E5CACB00F803DA /* Eth+Contract.swift */; };
		8141DEFE21E5CACC00F803DA /* SolidityEvent.swift in Sources */ = {isa = PBXBuildFile; fileRef = 8141DEB621E5CACB00F803DA /* SolidityEvent.swift */; };
		8141DEFF21E5CACC00F803DA /* ABIObject.swift in Sources */ = {isa = PBXBuildFile; fileRef = 8141DEB721E5CACB00F803DA /* ABIObject.swift */; };
		8141DF0021E5CACC00F803DA /* ERC20.swift in Sources */ = {isa = PBXBuildFile; fileRef = 8141DEB821E5CACB00F803DA /* ERC20.swift */; };
		8141DF0121E5CACC00F803DA /* ERC721.swift in Sources */ = {isa = PBXBuildFile; fileRef = 8141DEB921E5CACB00F803DA /* ERC721.swift */; };
		8141DF0221E5CACC00F803DA /* ERC165.swift in Sources */ = {isa = PBXBuildFile; fileRef = 8141DEBA21E5CACB00F803DA /* ERC165.swift */; };
		8141DF0321E5CACC00F803DA /* ContractPromiseExtensions.swift in Sources */ = {isa = PBXBuildFile; fileRef = 8141DEBB21E5CACB00F803DA /* ContractPromiseExtensions.swift */; };
		8141DF0421E5CACC00F803DA /* SolidityFunction.swift in Sources */ = {isa = PBXBuildFile; fileRef = 8141DEBC21E5CACB00F803DA /* SolidityFunction.swift */; };
		8141DF0521E5CACC00F803DA /* EthereumContract.swift in Sources */ = {isa = PBXBuildFile; fileRef = 8141DEBD21E5CACB00F803DA /* EthereumContract.swift */; };
		8141DF0621E5CACC00F803DA /* SolidityInvocation.swift in Sources */ = {isa = PBXBuildFile; fileRef = 8141DEBE21E5CACB00F803DA /* SolidityInvocation.swift */; };
		8141DF0721E5CACC00F803DA /* Eth+ABI.swift in Sources */ = {isa = PBXBuildFile; fileRef = 8141DEC021E5CACB00F803DA /* Eth+ABI.swift */; };
		8141DF0821E5CACC00F803DA /* ABIEncoder.swift in Sources */ = {isa = PBXBuildFile; fileRef = 8141DEC121E5CACC00F803DA /* ABIEncoder.swift */; };
		8141DF0921E5CACC00F803DA /* ABIDecoder.swift in Sources */ = {isa = PBXBuildFile; fileRef = 8141DEC221E5CACC00F803DA /* ABIDecoder.swift */; };
		8141DF0A21E5CACC00F803DA /* SolidityType.swift in Sources */ = {isa = PBXBuildFile; fileRef = 8141DEC321E5CACC00F803DA /* SolidityType.swift */; };
		8141DF0B21E5CACC00F803DA /* SolidityType+Codable.swift in Sources */ = {isa = PBXBuildFile; fileRef = 8141DEC421E5CACC00F803DA /* SolidityType+Codable.swift */; };
		8141DF0C21E5CACC00F803DA /* SolidityWrappedValue.swift in Sources */ = {isa = PBXBuildFile; fileRef = 8141DEC521E5CACC00F803DA /* SolidityWrappedValue.swift */; };
		8141DF0D21E5CACC00F803DA /* ABI.swift in Sources */ = {isa = PBXBuildFile; fileRef = 8141DEC621E5CACC00F803DA /* ABI.swift */; };
		8141DF0E21E5CACC00F803DA /* SolidityTuple.swift in Sources */ = {isa = PBXBuildFile; fileRef = 8141DEC721E5CACC00F803DA /* SolidityTuple.swift */; };
		8141DF0F21E5CACC00F803DA /* ABIConvertible.swift in Sources */ = {isa = PBXBuildFile; fileRef = 8141DEC821E5CACC00F803DA /* ABIConvertible.swift */; };
		8141DF1021E5CACC00F803DA /* PlatonWeb3Test.swift in Sources */ = {isa = PBXBuildFile; fileRef = 8141DEC921E5CACC00F803DA /* PlatonWeb3Test.swift */; };
		8141DF1121E5CACC00F803DA /* Web3+HTTPInitializer.swift in Sources */ = {isa = PBXBuildFile; fileRef = 8141DECB21E5CACC00F803DA /* Web3+HTTPInitializer.swift */; };
		8141DF1221E5CACC00F803DA /* Web3HttpProvider.swift in Sources */ = {isa = PBXBuildFile; fileRef = 8141DECC21E5CACC00F803DA /* Web3HttpProvider.swift */; };
		8141DF1321E5CACC00F803DA /* PlatonContractTest.swift in Sources */ = {isa = PBXBuildFile; fileRef = 8141DECD21E5CACC00F803DA /* PlatonContractTest.swift */; };
		8141DF1421E5CACC00F803DA /* Web3+Extensions.swift in Sources */ = {isa = PBXBuildFile; fileRef = 8141DECE21E5CACC00F803DA /* Web3+Extensions.swift */; };
		8141DF1521E5CACC00F803DA /* Config.swift in Sources */ = {isa = PBXBuildFile; fileRef = 8141DECF21E5CACC00F803DA /* Config.swift */; };
		8141DF1621E5CACC00F803DA /* Web3ResponseHelper.swift in Sources */ = {isa = PBXBuildFile; fileRef = 8141DED021E5CACC00F803DA /* Web3ResponseHelper.swift */; };
		8141DF1821E5CB1900F803DA /* assets in Resources */ = {isa = PBXBuildFile; fileRef = 8141DF1721E5CB1800F803DA /* assets */; };
		8141DF1B21E5D2B900F803DA /* FirstDemoViewController.swift in Sources */ = {isa = PBXBuildFile; fileRef = 8141DF1A21E5D2B900F803DA /* FirstDemoViewController.swift */; };
		8141DF1D21E5D2C600F803DA /* CandidateViewController.swift in Sources */ = {isa = PBXBuildFile; fileRef = 8141DF1C21E5D2C600F803DA /* CandidateViewController.swift */; };
		8141DF1F21E6016700F803DA /* Data+extension.swift in Sources */ = {isa = PBXBuildFile; fileRef = 8141DF1E21E6016700F803DA /* Data+extension.swift */; };
		8141DF2121E6116000F803DA /* firstdemo.swift in Sources */ = {isa = PBXBuildFile; fileRef = 8141DF2021E6116000F803DA /* firstdemo.swift */; };
		8141DF2321E611A900F803DA /* CandidateContract.swift in Sources */ = {isa = PBXBuildFile; fileRef = 8141DF2221E611A900F803DA /* CandidateContract.swift */; };
		8141DF2521E61A5F00F803DA /* config.swift in Sources */ = {isa = PBXBuildFile; fileRef = 8141DF2421E61A5F00F803DA /* config.swift */; };
		817A9BD621E6DFF500C94CB4 /* Contract.swift in Sources */ = {isa = PBXBuildFile; fileRef = 817A9BD521E6DFF500C94CB4 /* Contract.swift */; };
		9570941F1ADCA6FFD66D88D6 /* Pods_platonWeb3DemoUITests.framework in Frameworks */ = {isa = PBXBuildFile; fileRef = 9EA6D950FCC84B9AA90413A3 /* Pods_platonWeb3DemoUITests.framework */; };
		CC6B53092747AF973335F624 /* Pods_platonWeb3Demo.framework in Frameworks */ = {isa = PBXBuildFile; fileRef = CEB9103C53618EC9C119E1BF /* Pods_platonWeb3Demo.framework */; };
/* End PBXBuildFile section */

/* Begin PBXContainerItemProxy section */
		8141DDC421E5C36800F803DA /* PBXContainerItemProxy */ = {
			isa = PBXContainerItemProxy;
			containerPortal = 8141DDA721E5C36600F803DA /* Project object */;
			proxyType = 1;
			remoteGlobalIDString = 8141DDAE21E5C36600F803DA;
			remoteInfo = platonWeb3Demo;
		};
/* End PBXContainerItemProxy section */

/* Begin PBXCopyFilesBuildPhase section */
		8141DDDD21E5C9DF00F803DA /* Embed Frameworks */ = {
			isa = PBXCopyFilesBuildPhase;
			buildActionMask = 2147483647;
			dstPath = "";
			dstSubfolderSpec = 10;
			files = (
			);
			name = "Embed Frameworks";
			runOnlyForDeploymentPostprocessing = 0;
		};
/* End PBXCopyFilesBuildPhase section */

/* Begin PBXFileReference section */
		0BC329738C1983A4FF1254B4 /* Pods-platonWeb3DemoUITests.debug.xcconfig */ = {isa = PBXFileReference; includeInIndex = 1; lastKnownFileType = text.xcconfig; name = "Pods-platonWeb3DemoUITests.debug.xcconfig"; path = "Pods/Target Support Files/Pods-platonWeb3DemoUITests/Pods-platonWeb3DemoUITests.debug.xcconfig"; sourceTree = "<group>"; };
		6DC32B1E064729AAD9B74992 /* Pods-platonWeb3Demo.release.xcconfig */ = {isa = PBXFileReference; includeInIndex = 1; lastKnownFileType = text.xcconfig; name = "Pods-platonWeb3Demo.release.xcconfig"; path = "Pods/Target Support Files/Pods-platonWeb3Demo/Pods-platonWeb3Demo.release.xcconfig"; sourceTree = "<group>"; };
		8141DDAF21E5C36600F803DA /* platonWeb3Demo.app */ = {isa = PBXFileReference; explicitFileType = wrapper.application; includeInIndex = 0; path = platonWeb3Demo.app; sourceTree = BUILT_PRODUCTS_DIR; };
		8141DDB221E5C36600F803DA /* AppDelegate.swift */ = {isa = PBXFileReference; lastKnownFileType = sourcecode.swift; path = AppDelegate.swift; sourceTree = "<group>"; };
		8141DDB421E5C36600F803DA /* ViewController.swift */ = {isa = PBXFileReference; lastKnownFileType = sourcecode.swift; path = ViewController.swift; sourceTree = "<group>"; };
		8141DDB721E5C36600F803DA /* Base */ = {isa = PBXFileReference; lastKnownFileType = file.storyboard; name = Base; path = Base.lproj/Main.storyboard; sourceTree = "<group>"; };
		8141DDB921E5C36800F803DA /* Assets.xcassets */ = {isa = PBXFileReference; lastKnownFileType = folder.assetcatalog; path = Assets.xcassets; sourceTree = "<group>"; };
		8141DDBC21E5C36800F803DA /* Base */ = {isa = PBXFileReference; lastKnownFileType = file.storyboard; name = Base; path = Base.lproj/LaunchScreen.storyboard; sourceTree = "<group>"; };
		8141DDBE21E5C36800F803DA /* Info.plist */ = {isa = PBXFileReference; lastKnownFileType = text.plist.xml; path = Info.plist; sourceTree = "<group>"; };
		8141DDC321E5C36800F803DA /* platonWeb3DemoUITests.xctest */ = {isa = PBXFileReference; explicitFileType = wrapper.cfbundle; includeInIndex = 0; path = platonWeb3DemoUITests.xctest; sourceTree = BUILT_PRODUCTS_DIR; };
		8141DDC721E5C36800F803DA /* platonWeb3DemoUITests.swift */ = {isa = PBXFileReference; lastKnownFileType = sourcecode.swift; path = platonWeb3DemoUITests.swift; sourceTree = "<group>"; };
		8141DDC921E5C36800F803DA /* Info.plist */ = {isa = PBXFileReference; lastKnownFileType = text.plist.xml; path = Info.plist; sourceTree = "<group>"; };
		8141DDDF21E5C9F400F803DA /* platonWeb3.framework */ = {isa = PBXFileReference; explicitFileType = wrapper.framework; path = platonWeb3.framework; sourceTree = BUILT_PRODUCTS_DIR; };
		8141DE8021E5CACB00F803DA /* Web3+completion.swift */ = {isa = PBXFileReference; fileEncoding = 4; lastKnownFileType = sourcecode.swift; path = "Web3+completion.swift"; sourceTree = "<group>"; };
		8141DE8321E5CACB00F803DA /* EthereumPublicKey.swift */ = {isa = PBXFileReference; fileEncoding = 4; lastKnownFileType = sourcecode.swift; path = EthereumPublicKey.swift; sourceTree = "<group>"; };
		8141DE8421E5CACB00F803DA /* EthereumAddress.swift */ = {isa = PBXFileReference; fileEncoding = 4; lastKnownFileType = sourcecode.swift; path = EthereumAddress.swift; sourceTree = "<group>"; };
		8141DE8521E5CACB00F803DA /* EthereumPrivateKey.swift */ = {isa = PBXFileReference; fileEncoding = 4; lastKnownFileType = sourcecode.swift; path = EthereumPrivateKey.swift; sourceTree = "<group>"; };
		8141DE8621E5CACB00F803DA /* EthereumTransaction.swift */ = {isa = PBXFileReference; fileEncoding = 4; lastKnownFileType = sourcecode.swift; path = EthereumTransaction.swift; sourceTree = "<group>"; };
		8141DE8821E5CACB00F803DA /* Web3Provider.swift */ = {isa = PBXFileReference; fileEncoding = 4; lastKnownFileType = sourcecode.swift; path = Web3Provider.swift; sourceTree = "<group>"; };
		8141DE8A21E5CACB00F803DA /* Web3.swift */ = {isa = PBXFileReference; fileEncoding = 4; lastKnownFileType = sourcecode.swift; path = Web3.swift; sourceTree = "<group>"; };
		8141DE8C21E5CACB00F803DA /* RLPItem.swift */ = {isa = PBXFileReference; fileEncoding = 4; lastKnownFileType = sourcecode.swift; path = RLPItem.swift; sourceTree = "<group>"; };
		8141DE8D21E5CACB00F803DA /* RLPEncoder.swift */ = {isa = PBXFileReference; fileEncoding = 4; lastKnownFileType = sourcecode.swift; path = RLPEncoder.swift; sourceTree = "<group>"; };
		8141DE8E21E5CACB00F803DA /* RLPItemConvertible.swift */ = {isa = PBXFileReference; fileEncoding = 4; lastKnownFileType = sourcecode.swift; path = RLPItemConvertible.swift; sourceTree = "<group>"; };
		8141DE8F21E5CACB00F803DA /* RLPDecoder.swift */ = {isa = PBXFileReference; fileEncoding = 4; lastKnownFileType = sourcecode.swift; path = RLPDecoder.swift; sourceTree = "<group>"; };
		8141DE9021E5CACB00F803DA /* Types+RLPItemConvertible.swift */ = {isa = PBXFileReference; fileEncoding = 4; lastKnownFileType = sourcecode.swift; path = "Types+RLPItemConvertible.swift"; sourceTree = "<group>"; };
		8141DE9221E5CACB00F803DA /* EthereumBlockObject.swift */ = {isa = PBXFileReference; fileEncoding = 4; lastKnownFileType = sourcecode.swift; path = EthereumBlockObject.swift; sourceTree = "<group>"; };
		8141DE9321E5CACB00F803DA /* EthereumTransactionReceiptObject.swift */ = {isa = PBXFileReference; fileEncoding = 4; lastKnownFileType = sourcecode.swift; path = EthereumTransactionReceiptObject.swift; sourceTree = "<group>"; };
		8141DE9421E5CACB00F803DA /* EthereumData.swift */ = {isa = PBXFileReference; fileEncoding = 4; lastKnownFileType = sourcecode.swift; path = EthereumData.swift; sourceTree = "<group>"; };
		8141DE9521E5CACB00F803DA /* RPCRequest.swift */ = {isa = PBXFileReference; fileEncoding = 4; lastKnownFileType = sourcecode.swift; path = RPCRequest.swift; sourceTree = "<group>"; };
		8141DE9621E5CACB00F803DA /* EthereumSyncStatusObject.swift */ = {isa = PBXFileReference; fileEncoding = 4; lastKnownFileType = sourcecode.swift; path = EthereumSyncStatusObject.swift; sourceTree = "<group>"; };
		8141DE9721E5CACB00F803DA /* EthereumValueConvertible.swift */ = {isa = PBXFileReference; fileEncoding = 4; lastKnownFileType = sourcecode.swift; path = EthereumValueConvertible.swift; sourceTree = "<group>"; };
		8141DE9821E5CACB00F803DA /* EthereumQuantity.swift */ = {isa = PBXFileReference; fileEncoding = 4; lastKnownFileType = sourcecode.swift; path = EthereumQuantity.swift; sourceTree = "<group>"; };
		8141DE9921E5CACB00F803DA /* EthereumTransactionObject.swift */ = {isa = PBXFileReference; fileEncoding = 4; lastKnownFileType = sourcecode.swift; path = EthereumTransactionObject.swift; sourceTree = "<group>"; };
		8141DE9A21E5CACB00F803DA /* EthereumValue.swift */ = {isa = PBXFileReference; fileEncoding = 4; lastKnownFileType = sourcecode.swift; path = EthereumValue.swift; sourceTree = "<group>"; };
		8141DE9B21E5CACB00F803DA /* RPCResponse.swift */ = {isa = PBXFileReference; fileEncoding = 4; lastKnownFileType = sourcecode.swift; path = RPCResponse.swift; sourceTree = "<group>"; };
		8141DE9C21E5CACB00F803DA /* EthereumCall.swift */ = {isa = PBXFileReference; fileEncoding = 4; lastKnownFileType = sourcecode.swift; path = EthereumCall.swift; sourceTree = "<group>"; };
		8141DE9D21E5CACB00F803DA /* EthereumQuantityTag.swift */ = {isa = PBXFileReference; fileEncoding = 4; lastKnownFileType = sourcecode.swift; path = EthereumQuantityTag.swift; sourceTree = "<group>"; };
		8141DE9E21E5CACB00F803DA /* Types+EthereumValueConvertible.swift */ = {isa = PBXFileReference; fileEncoding = 4; lastKnownFileType = sourcecode.swift; path = "Types+EthereumValueConvertible.swift"; sourceTree = "<group>"; };
		8141DE9F21E5CACB00F803DA /* EthereumLogObject.swift */ = {isa = PBXFileReference; fileEncoding = 4; lastKnownFileType = sourcecode.swift; path = EthereumLogObject.swift; sourceTree = "<group>"; };
		8141DEA121E5CACB00F803DA /* String+BytesConvertible.swift */ = {isa = PBXFileReference; fileEncoding = 4; lastKnownFileType = sourcecode.swift; path = "String+BytesConvertible.swift"; sourceTree = "<group>"; };
		8141DEA221E5CACB00F803DA /* Bytes+HexString.swift */ = {isa = PBXFileReference; fileEncoding = 4; lastKnownFileType = sourcecode.swift; path = "Bytes+HexString.swift"; sourceTree = "<group>"; };
		8141DEA321E5CACB00F803DA /* UInt+BytesRepresentable.swift */ = {isa = PBXFileReference; fileEncoding = 4; lastKnownFileType = sourcecode.swift; path = "UInt+BytesRepresentable.swift"; sourceTree = "<group>"; };
		8141DEA421E5CACB00F803DA /* Bytes+TrimLeadingZeros.swift */ = {isa = PBXFileReference; fileEncoding = 4; lastKnownFileType = sourcecode.swift; path = "Bytes+TrimLeadingZeros.swift"; sourceTree = "<group>"; };
		8141DEA521E5CACB00F803DA /* Bytes+SecureRandom.swift */ = {isa = PBXFileReference; fileEncoding = 4; lastKnownFileType = sourcecode.swift; path = "Bytes+SecureRandom.swift"; sourceTree = "<group>"; };
		8141DEA621E5CACB00F803DA /* String+HexBytes.swift */ = {isa = PBXFileReference; fileEncoding = 4; lastKnownFileType = sourcecode.swift; path = "String+HexBytes.swift"; sourceTree = "<group>"; };
		8141DEA721E5CACB00F803DA /* BytesConvertible.swift */ = {isa = PBXFileReference; fileEncoding = 4; lastKnownFileType = sourcecode.swift; path = BytesConvertible.swift; sourceTree = "<group>"; };
		8141DEA821E5CACB00F803DA /* String+Conversion.swift */ = {isa = PBXFileReference; fileEncoding = 4; lastKnownFileType = sourcecode.swift; path = "String+Conversion.swift"; sourceTree = "<group>"; };
		8141DEA921E5CACB00F803DA /* Data+BytesConvertible.swift */ = {isa = PBXFileReference; fileEncoding = 4; lastKnownFileType = sourcecode.swift; path = "Data+BytesConvertible.swift"; sourceTree = "<group>"; };
		8141DEAA21E5CACB00F803DA /* CharacterSet+Hex.swift */ = {isa = PBXFileReference; fileEncoding = 4; lastKnownFileType = sourcecode.swift; path = "CharacterSet+Hex.swift"; sourceTree = "<group>"; };
		8141DEAB21E5CACB00F803DA /* BigUInt+BytesConvertible.swift */ = {isa = PBXFileReference; fileEncoding = 4; lastKnownFileType = sourcecode.swift; path = "BigUInt+BytesConvertible.swift"; sourceTree = "<group>"; };
		8141DEAC21E5CACB00F803DA /* Bytes+UInt.swift */ = {isa = PBXFileReference; fileEncoding = 4; lastKnownFileType = sourcecode.swift; path = "Bytes+UInt.swift"; sourceTree = "<group>"; };
		8141DEAD21E5CACB00F803DA /* Exports+Web3.swift */ = {isa = PBXFileReference; fileEncoding = 4; lastKnownFileType = sourcecode.swift; path = "Exports+Web3.swift"; sourceTree = "<group>"; };
		8141DEAE21E5CACB00F803DA /* Int+ETH.swift */ = {isa = PBXFileReference; fileEncoding = 4; lastKnownFileType = sourcecode.swift; path = "Int+ETH.swift"; sourceTree = "<group>"; };
		8141DEAF21E5CACB00F803DA /* Values+GeneralHashable.swift */ = {isa = PBXFileReference; fileEncoding = 4; lastKnownFileType = sourcecode.swift; path = "Values+GeneralHashable.swift"; sourceTree = "<group>"; };
		8141DEB021E5CACB00F803DA /* UnsignedInteger+BytesConvertible.swift */ = {isa = PBXFileReference; fileEncoding = 4; lastKnownFileType = sourcecode.swift; path = "UnsignedInteger+BytesConvertible.swift"; sourceTree = "<group>"; };
		8141DEB121E5CACB00F803DA /* Secp256k1+CTXCreator.swift */ = {isa = PBXFileReference; fileEncoding = 4; lastKnownFileType = sourcecode.swift; path = "Secp256k1+CTXCreator.swift"; sourceTree = "<group>"; };
		8141DEB221E5CACB00F803DA /* UnsignedInteger+Shifting.swift */ = {isa = PBXFileReference; fileEncoding = 4; lastKnownFileType = sourcecode.swift; path = "UnsignedInteger+Shifting.swift"; sourceTree = "<group>"; };
		8141DEB521E5CACB00F803DA /* Eth+Contract.swift */ = {isa = PBXFileReference; fileEncoding = 4; lastKnownFileType = sourcecode.swift; path = "Eth+Contract.swift"; sourceTree = "<group>"; };
		8141DEB621E5CACB00F803DA /* SolidityEvent.swift */ = {isa = PBXFileReference; fileEncoding = 4; lastKnownFileType = sourcecode.swift; path = SolidityEvent.swift; sourceTree = "<group>"; };
		8141DEB721E5CACB00F803DA /* ABIObject.swift */ = {isa = PBXFileReference; fileEncoding = 4; lastKnownFileType = sourcecode.swift; path = ABIObject.swift; sourceTree = "<group>"; };
		8141DEB821E5CACB00F803DA /* ERC20.swift */ = {isa = PBXFileReference; fileEncoding = 4; lastKnownFileType = sourcecode.swift; path = ERC20.swift; sourceTree = "<group>"; };
		8141DEB921E5CACB00F803DA /* ERC721.swift */ = {isa = PBXFileReference; fileEncoding = 4; lastKnownFileType = sourcecode.swift; path = ERC721.swift; sourceTree = "<group>"; };
		8141DEBA21E5CACB00F803DA /* ERC165.swift */ = {isa = PBXFileReference; fileEncoding = 4; lastKnownFileType = sourcecode.swift; path = ERC165.swift; sourceTree = "<group>"; };
		8141DEBB21E5CACB00F803DA /* ContractPromiseExtensions.swift */ = {isa = PBXFileReference; fileEncoding = 4; lastKnownFileType = sourcecode.swift; path = ContractPromiseExtensions.swift; sourceTree = "<group>"; };
		8141DEBC21E5CACB00F803DA /* SolidityFunction.swift */ = {isa = PBXFileReference; fileEncoding = 4; lastKnownFileType = sourcecode.swift; path = SolidityFunction.swift; sourceTree = "<group>"; };
		8141DEBD21E5CACB00F803DA /* EthereumContract.swift */ = {isa = PBXFileReference; fileEncoding = 4; lastKnownFileType = sourcecode.swift; path = EthereumContract.swift; sourceTree = "<group>"; };
		8141DEBE21E5CACB00F803DA /* SolidityInvocation.swift */ = {isa = PBXFileReference; fileEncoding = 4; lastKnownFileType = sourcecode.swift; path = SolidityInvocation.swift; sourceTree = "<group>"; };
		8141DEC021E5CACB00F803DA /* Eth+ABI.swift */ = {isa = PBXFileReference; fileEncoding = 4; lastKnownFileType = sourcecode.swift; path = "Eth+ABI.swift"; sourceTree = "<group>"; };
		8141DEC121E5CACC00F803DA /* ABIEncoder.swift */ = {isa = PBXFileReference; fileEncoding = 4; lastKnownFileType = sourcecode.swift; path = ABIEncoder.swift; sourceTree = "<group>"; };
		8141DEC221E5CACC00F803DA /* ABIDecoder.swift */ = {isa = PBXFileReference; fileEncoding = 4; lastKnownFileType = sourcecode.swift; path = ABIDecoder.swift; sourceTree = "<group>"; };
		8141DEC321E5CACC00F803DA /* SolidityType.swift */ = {isa = PBXFileReference; fileEncoding = 4; lastKnownFileType = sourcecode.swift; path = SolidityType.swift; sourceTree = "<group>"; };
		8141DEC421E5CACC00F803DA /* SolidityType+Codable.swift */ = {isa = PBXFileReference; fileEncoding = 4; lastKnownFileType = sourcecode.swift; path = "SolidityType+Codable.swift"; sourceTree = "<group>"; };
		8141DEC521E5CACC00F803DA /* SolidityWrappedValue.swift */ = {isa = PBXFileReference; fileEncoding = 4; lastKnownFileType = sourcecode.swift; path = SolidityWrappedValue.swift; sourceTree = "<group>"; };
		8141DEC621E5CACC00F803DA /* ABI.swift */ = {isa = PBXFileReference; fileEncoding = 4; lastKnownFileType = sourcecode.swift; path = ABI.swift; sourceTree = "<group>"; };
		8141DEC721E5CACC00F803DA /* SolidityTuple.swift */ = {isa = PBXFileReference; fileEncoding = 4; lastKnownFileType = sourcecode.swift; path = SolidityTuple.swift; sourceTree = "<group>"; };
		8141DEC821E5CACC00F803DA /* ABIConvertible.swift */ = {isa = PBXFileReference; fileEncoding = 4; lastKnownFileType = sourcecode.swift; path = ABIConvertible.swift; sourceTree = "<group>"; };
		8141DEC921E5CACC00F803DA /* PlatonWeb3Test.swift */ = {isa = PBXFileReference; fileEncoding = 4; lastKnownFileType = sourcecode.swift; path = PlatonWeb3Test.swift; sourceTree = "<group>"; };
		8141DECB21E5CACC00F803DA /* Web3+HTTPInitializer.swift */ = {isa = PBXFileReference; fileEncoding = 4; lastKnownFileType = sourcecode.swift; path = "Web3+HTTPInitializer.swift"; sourceTree = "<group>"; };
		8141DECC21E5CACC00F803DA /* Web3HttpProvider.swift */ = {isa = PBXFileReference; fileEncoding = 4; lastKnownFileType = sourcecode.swift; path = Web3HttpProvider.swift; sourceTree = "<group>"; };
		8141DECD21E5CACC00F803DA /* PlatonContractTest.swift */ = {isa = PBXFileReference; fileEncoding = 4; lastKnownFileType = sourcecode.swift; path = PlatonContractTest.swift; sourceTree = "<group>"; };
		8141DECE21E5CACC00F803DA /* Web3+Extensions.swift */ = {isa = PBXFileReference; fileEncoding = 4; lastKnownFileType = sourcecode.swift; path = "Web3+Extensions.swift"; sourceTree = "<group>"; };
		8141DECF21E5CACC00F803DA /* Config.swift */ = {isa = PBXFileReference; fileEncoding = 4; lastKnownFileType = sourcecode.swift; path = Config.swift; sourceTree = "<group>"; };
		8141DED021E5CACC00F803DA /* Web3ResponseHelper.swift */ = {isa = PBXFileReference; fileEncoding = 4; lastKnownFileType = sourcecode.swift; path = Web3ResponseHelper.swift; sourceTree = "<group>"; };
		8141DF1721E5CB1800F803DA /* assets */ = {isa = PBXFileReference; lastKnownFileType = folder; path = assets; sourceTree = "<group>"; };
		8141DF1A21E5D2B900F803DA /* FirstDemoViewController.swift */ = {isa = PBXFileReference; lastKnownFileType = sourcecode.swift; path = FirstDemoViewController.swift; sourceTree = "<group>"; };
		8141DF1C21E5D2C600F803DA /* CandidateViewController.swift */ = {isa = PBXFileReference; lastKnownFileType = sourcecode.swift; path = CandidateViewController.swift; sourceTree = "<group>"; };
		8141DF1E21E6016700F803DA /* Data+extension.swift */ = {isa = PBXFileReference; lastKnownFileType = sourcecode.swift; path = "Data+extension.swift"; sourceTree = "<group>"; };
		8141DF2021E6116000F803DA /* firstdemo.swift */ = {isa = PBXFileReference; lastKnownFileType = sourcecode.swift; path = firstdemo.swift; sourceTree = "<group>"; };
		8141DF2221E611A900F803DA /* CandidateContract.swift */ = {isa = PBXFileReference; lastKnownFileType = sourcecode.swift; path = CandidateContract.swift; sourceTree = "<group>"; };
		8141DF2421E61A5F00F803DA /* config.swift */ = {isa = PBXFileReference; lastKnownFileType = sourcecode.swift; path = config.swift; sourceTree = "<group>"; };
		817A9BD521E6DFF500C94CB4 /* Contract.swift */ = {isa = PBXFileReference; lastKnownFileType = sourcecode.swift; path = Contract.swift; sourceTree = "<group>"; };
		9EA6D950FCC84B9AA90413A3 /* Pods_platonWeb3DemoUITests.framework */ = {isa = PBXFileReference; explicitFileType = wrapper.framework; includeInIndex = 0; path = Pods_platonWeb3DemoUITests.framework; sourceTree = BUILT_PRODUCTS_DIR; };
		A7C2D1A01CDA4F71E53689CA /* Pods-platonWeb3DemoUITests.release.xcconfig */ = {isa = PBXFileReference; includeInIndex = 1; lastKnownFileType = text.xcconfig; name = "Pods-platonWeb3DemoUITests.release.xcconfig"; path = "Pods/Target Support Files/Pods-platonWeb3DemoUITests/Pods-platonWeb3DemoUITests.release.xcconfig"; sourceTree = "<group>"; };
		BA5F8F4002A0DD861594D32C /* Pods-platonWeb3Demo.debug.xcconfig */ = {isa = PBXFileReference; includeInIndex = 1; lastKnownFileType = text.xcconfig; name = "Pods-platonWeb3Demo.debug.xcconfig"; path = "Pods/Target Support Files/Pods-platonWeb3Demo/Pods-platonWeb3Demo.debug.xcconfig"; sourceTree = "<group>"; };
		CEB9103C53618EC9C119E1BF /* Pods_platonWeb3Demo.framework */ = {isa = PBXFileReference; explicitFileType = wrapper.framework; includeInIndex = 0; path = Pods_platonWeb3Demo.framework; sourceTree = BUILT_PRODUCTS_DIR; };
/* End PBXFileReference section */

/* Begin PBXFrameworksBuildPhase section */
		8141DDAC21E5C36600F803DA /* Frameworks */ = {
			isa = PBXFrameworksBuildPhase;
			buildActionMask = 2147483647;
			files = (
				CC6B53092747AF973335F624 /* Pods_platonWeb3Demo.framework in Frameworks */,
			);
			runOnlyForDeploymentPostprocessing = 0;
		};
		8141DDC021E5C36800F803DA /* Frameworks */ = {
			isa = PBXFrameworksBuildPhase;
			buildActionMask = 2147483647;
			files = (
				9570941F1ADCA6FFD66D88D6 /* Pods_platonWeb3DemoUITests.framework in Frameworks */,
			);
			runOnlyForDeploymentPostprocessing = 0;
		};
/* End PBXFrameworksBuildPhase section */

/* Begin PBXGroup section */
		1A555D3D5A71084B190E0972 /* Pods */ = {
			isa = PBXGroup;
			children = (
				BA5F8F4002A0DD861594D32C /* Pods-platonWeb3Demo.debug.xcconfig */,
				6DC32B1E064729AAD9B74992 /* Pods-platonWeb3Demo.release.xcconfig */,
				0BC329738C1983A4FF1254B4 /* Pods-platonWeb3DemoUITests.debug.xcconfig */,
				A7C2D1A01CDA4F71E53689CA /* Pods-platonWeb3DemoUITests.release.xcconfig */,
			);
			name = Pods;
			sourceTree = "<group>";
		};
		8141DDA621E5C36600F803DA = {
			isa = PBXGroup;
			children = (
				8141DDB121E5C36600F803DA /* platonWeb3Demo */,
				8141DDC621E5C36800F803DA /* platonWeb3DemoUITests */,
				8141DDB021E5C36600F803DA /* Products */,
				8141DDDE21E5C9F400F803DA /* Frameworks */,
				1A555D3D5A71084B190E0972 /* Pods */,
			);
			sourceTree = "<group>";
		};
		8141DDB021E5C36600F803DA /* Products */ = {
			isa = PBXGroup;
			children = (
				8141DDAF21E5C36600F803DA /* platonWeb3Demo.app */,
				8141DDC321E5C36800F803DA /* platonWeb3DemoUITests.xctest */,
			);
			name = Products;
			sourceTree = "<group>";
		};
		8141DDB121E5C36600F803DA /* platonWeb3Demo */ = {
			isa = PBXGroup;
			children = (
				8141DF1921E5D29000F803DA /* UI */,
				8141DF1721E5CB1800F803DA /* assets */,
				8141DE7C21E5CAB300F803DA /* platonWeb3 */,
				8141DDB221E5C36600F803DA /* AppDelegate.swift */,
				8141DDB421E5C36600F803DA /* ViewController.swift */,
				8141DDB621E5C36600F803DA /* Main.storyboard */,
				8141DDB921E5C36800F803DA /* Assets.xcassets */,
				8141DDBB21E5C36800F803DA /* LaunchScreen.storyboard */,
				8141DDBE21E5C36800F803DA /* Info.plist */,
			);
			path = platonWeb3Demo;
			sourceTree = "<group>";
		};
		8141DDC621E5C36800F803DA /* platonWeb3DemoUITests */ = {
			isa = PBXGroup;
			children = (
				8141DDC721E5C36800F803DA /* platonWeb3DemoUITests.swift */,
				8141DDC921E5C36800F803DA /* Info.plist */,
			);
			path = platonWeb3DemoUITests;
			sourceTree = "<group>";
		};
		8141DDDE21E5C9F400F803DA /* Frameworks */ = {
			isa = PBXGroup;
			children = (
				8141DDDF21E5C9F400F803DA /* platonWeb3.framework */,
				CEB9103C53618EC9C119E1BF /* Pods_platonWeb3Demo.framework */,
				9EA6D950FCC84B9AA90413A3 /* Pods_platonWeb3DemoUITests.framework */,
			);
			name = Frameworks;
			sourceTree = "<group>";
		};
		8141DE7C21E5CAB300F803DA /* platonWeb3 */ = {
			isa = PBXGroup;
			children = (
				8141DE7D21E5CACB00F803DA /* source */,
			);
			path = platonWeb3;
			sourceTree = "<group>";
		};
		8141DE7D21E5CACB00F803DA /* source */ = {
			isa = PBXGroup;
			children = (
				8141DE7E21E5CACB00F803DA /* Web3 */,
			);
			name = source;
			path = ../../../source;
			sourceTree = "<group>";
		};
		8141DE7E21E5CACB00F803DA /* Web3 */ = {
			isa = PBXGroup;
			children = (
				8141DE7F21E5CACB00F803DA /* Classes */,
				8141DECF21E5CACC00F803DA /* Config.swift */,
				8141DED021E5CACC00F803DA /* Web3ResponseHelper.swift */,
			);
			path = Web3;
			sourceTree = "<group>";
		};
		8141DE7F21E5CACB00F803DA /* Classes */ = {
			isa = PBXGroup;
			children = (
				8141DE8021E5CACB00F803DA /* Web3+completion.swift */,
				8141DE8121E5CACB00F803DA /* Core */,
				8141DEB321E5CACB00F803DA /* ContractABI */,
				8141DEC921E5CACC00F803DA /* PlatonWeb3Test.swift */,
				8141DECA21E5CACC00F803DA /* FoundationHTTP */,
				8141DECD21E5CACC00F803DA /* PlatonContractTest.swift */,
				8141DECE21E5CACC00F803DA /* Web3+Extensions.swift */,
			);
			path = Classes;
			sourceTree = "<group>";
		};
		8141DE8121E5CACB00F803DA /* Core */ = {
			isa = PBXGroup;
			children = (
				8141DE8221E5CACB00F803DA /* Transaction */,
				8141DE8721E5CACB00F803DA /* Providers */,
				8141DE8921E5CACB00F803DA /* Web3 */,
				8141DE8B21E5CACB00F803DA /* RLP */,
				8141DE9121E5CACB00F803DA /* Json */,
				8141DEA021E5CACB00F803DA /* Toolbox */,
			);
			path = Core;
			sourceTree = "<group>";
		};
		8141DE8221E5CACB00F803DA /* Transaction */ = {
			isa = PBXGroup;
			children = (
				8141DE8321E5CACB00F803DA /* EthereumPublicKey.swift */,
				8141DE8421E5CACB00F803DA /* EthereumAddress.swift */,
				8141DE8521E5CACB00F803DA /* EthereumPrivateKey.swift */,
				8141DE8621E5CACB00F803DA /* EthereumTransaction.swift */,
			);
			path = Transaction;
			sourceTree = "<group>";
		};
		8141DE8721E5CACB00F803DA /* Providers */ = {
			isa = PBXGroup;
			children = (
				8141DE8821E5CACB00F803DA /* Web3Provider.swift */,
			);
			path = Providers;
			sourceTree = "<group>";
		};
		8141DE8921E5CACB00F803DA /* Web3 */ = {
			isa = PBXGroup;
			children = (
				8141DE8A21E5CACB00F803DA /* Web3.swift */,
			);
			path = Web3;
			sourceTree = "<group>";
		};
		8141DE8B21E5CACB00F803DA /* RLP */ = {
			isa = PBXGroup;
			children = (
				8141DE8C21E5CACB00F803DA /* RLPItem.swift */,
				8141DE8D21E5CACB00F803DA /* RLPEncoder.swift */,
				8141DE8E21E5CACB00F803DA /* RLPItemConvertible.swift */,
				8141DE8F21E5CACB00F803DA /* RLPDecoder.swift */,
				8141DE9021E5CACB00F803DA /* Types+RLPItemConvertible.swift */,
			);
			path = RLP;
			sourceTree = "<group>";
		};
		8141DE9121E5CACB00F803DA /* Json */ = {
			isa = PBXGroup;
			children = (
				8141DE9221E5CACB00F803DA /* EthereumBlockObject.swift */,
				8141DE9321E5CACB00F803DA /* EthereumTransactionReceiptObject.swift */,
				8141DE9421E5CACB00F803DA /* EthereumData.swift */,
				8141DE9521E5CACB00F803DA /* RPCRequest.swift */,
				8141DE9621E5CACB00F803DA /* EthereumSyncStatusObject.swift */,
				8141DE9721E5CACB00F803DA /* EthereumValueConvertible.swift */,
				8141DE9821E5CACB00F803DA /* EthereumQuantity.swift */,
				8141DE9921E5CACB00F803DA /* EthereumTransactionObject.swift */,
				8141DE9A21E5CACB00F803DA /* EthereumValue.swift */,
				8141DE9B21E5CACB00F803DA /* RPCResponse.swift */,
				8141DE9C21E5CACB00F803DA /* EthereumCall.swift */,
				8141DE9D21E5CACB00F803DA /* EthereumQuantityTag.swift */,
				8141DE9E21E5CACB00F803DA /* Types+EthereumValueConvertible.swift */,
				8141DE9F21E5CACB00F803DA /* EthereumLogObject.swift */,
			);
			path = Json;
			sourceTree = "<group>";
		};
		8141DEA021E5CACB00F803DA /* Toolbox */ = {
			isa = PBXGroup;
			children = (
				8141DEA121E5CACB00F803DA /* String+BytesConvertible.swift */,
				8141DEA221E5CACB00F803DA /* Bytes+HexString.swift */,
				8141DEA321E5CACB00F803DA /* UInt+BytesRepresentable.swift */,
				8141DEA421E5CACB00F803DA /* Bytes+TrimLeadingZeros.swift */,
				8141DEA521E5CACB00F803DA /* Bytes+SecureRandom.swift */,
				8141DEA621E5CACB00F803DA /* String+HexBytes.swift */,
				8141DEA721E5CACB00F803DA /* BytesConvertible.swift */,
				8141DEA821E5CACB00F803DA /* String+Conversion.swift */,
				8141DEA921E5CACB00F803DA /* Data+BytesConvertible.swift */,
				8141DEAA21E5CACB00F803DA /* CharacterSet+Hex.swift */,
				8141DEAB21E5CACB00F803DA /* BigUInt+BytesConvertible.swift */,
				8141DEAC21E5CACB00F803DA /* Bytes+UInt.swift */,
				8141DEAD21E5CACB00F803DA /* Exports+Web3.swift */,
				8141DEAE21E5CACB00F803DA /* Int+ETH.swift */,
				8141DEAF21E5CACB00F803DA /* Values+GeneralHashable.swift */,
				8141DEB021E5CACB00F803DA /* UnsignedInteger+BytesConvertible.swift */,
				8141DEB121E5CACB00F803DA /* Secp256k1+CTXCreator.swift */,
				8141DEB221E5CACB00F803DA /* UnsignedInteger+Shifting.swift */,
			);
			path = Toolbox;
			sourceTree = "<group>";
		};
		8141DEB321E5CACB00F803DA /* ContractABI */ = {
			isa = PBXGroup;
			children = (
				8141DEB421E5CACB00F803DA /* Contract */,
				8141DEBF21E5CACB00F803DA /* ABI */,
			);
			path = ContractABI;
			sourceTree = "<group>";
		};
		8141DEB421E5CACB00F803DA /* Contract */ = {
			isa = PBXGroup;
			children = (
				8141DEB521E5CACB00F803DA /* Eth+Contract.swift */,
				8141DEB621E5CACB00F803DA /* SolidityEvent.swift */,
				8141DEB721E5CACB00F803DA /* ABIObject.swift */,
				8141DEB821E5CACB00F803DA /* ERC20.swift */,
				8141DEB921E5CACB00F803DA /* ERC721.swift */,
				8141DEBA21E5CACB00F803DA /* ERC165.swift */,
				8141DEBB21E5CACB00F803DA /* ContractPromiseExtensions.swift */,
				8141DEBC21E5CACB00F803DA /* SolidityFunction.swift */,
				8141DEBD21E5CACB00F803DA /* EthereumContract.swift */,
				8141DEBE21E5CACB00F803DA /* SolidityInvocation.swift */,
			);
			path = Contract;
			sourceTree = "<group>";
		};
		8141DEBF21E5CACB00F803DA /* ABI */ = {
			isa = PBXGroup;
			children = (
				8141DEC021E5CACB00F803DA /* Eth+ABI.swift */,
				8141DEC121E5CACC00F803DA /* ABIEncoder.swift */,
				8141DEC221E5CACC00F803DA /* ABIDecoder.swift */,
				8141DEC321E5CACC00F803DA /* SolidityType.swift */,
				8141DEC421E5CACC00F803DA /* SolidityType+Codable.swift */,
				8141DEC521E5CACC00F803DA /* SolidityWrappedValue.swift */,
				8141DEC621E5CACC00F803DA /* ABI.swift */,
				8141DEC721E5CACC00F803DA /* SolidityTuple.swift */,
				8141DEC821E5CACC00F803DA /* ABIConvertible.swift */,
				8141DF1E21E6016700F803DA /* Data+extension.swift */,
			);
			path = ABI;
			sourceTree = "<group>";
		};
		8141DECA21E5CACC00F803DA /* FoundationHTTP */ = {
			isa = PBXGroup;
			children = (
				8141DECB21E5CACC00F803DA /* Web3+HTTPInitializer.swift */,
				8141DECC21E5CACC00F803DA /* Web3HttpProvider.swift */,
			);
			path = FoundationHTTP;
			sourceTree = "<group>";
		};
		8141DF1921E5D29000F803DA /* UI */ = {
			isa = PBXGroup;
			children = (
				8141DF1A21E5D2B900F803DA /* FirstDemoViewController.swift */,
				8141DF1C21E5D2C600F803DA /* CandidateViewController.swift */,
				8141DF2021E6116000F803DA /* firstdemo.swift */,
				8141DF2221E611A900F803DA /* CandidateContract.swift */,
				8141DF2421E61A5F00F803DA /* config.swift */,
				817A9BD521E6DFF500C94CB4 /* Contract.swift */,
			);
			path = UI;
			sourceTree = "<group>";
		};
/* End PBXGroup section */

/* Begin PBXNativeTarget section */
		8141DDAE21E5C36600F803DA /* platonWeb3Demo */ = {
			isa = PBXNativeTarget;
			buildConfigurationList = 8141DDCC21E5C36800F803DA /* Build configuration list for PBXNativeTarget "platonWeb3Demo" */;
			buildPhases = (
				94DEB36C7ABC8929230D8661 /* [CP] Check Pods Manifest.lock */,
				8141DDAB21E5C36600F803DA /* Sources */,
				8141DDAC21E5C36600F803DA /* Frameworks */,
				8141DDAD21E5C36600F803DA /* Resources */,
				8141DDDD21E5C9DF00F803DA /* Embed Frameworks */,
				68BA59BC7B8009BC800CC5E6 /* [CP] Embed Pods Frameworks */,
			);
			buildRules = (
			);
			dependencies = (
			);
			name = platonWeb3Demo;
			productName = platonWeb3Demo;
			productReference = 8141DDAF21E5C36600F803DA /* platonWeb3Demo.app */;
			productType = "com.apple.product-type.application";
		};
		8141DDC221E5C36800F803DA /* platonWeb3DemoUITests */ = {
			isa = PBXNativeTarget;
			buildConfigurationList = 8141DDCF21E5C36800F803DA /* Build configuration list for PBXNativeTarget "platonWeb3DemoUITests" */;
			buildPhases = (
				DCEABDCEDBD6937EE45E8AB4 /* [CP] Check Pods Manifest.lock */,
				8141DDBF21E5C36800F803DA /* Sources */,
				8141DDC021E5C36800F803DA /* Frameworks */,
				8141DDC121E5C36800F803DA /* Resources */,
			);
			buildRules = (
			);
			dependencies = (
				8141DDC521E5C36800F803DA /* PBXTargetDependency */,
			);
			name = platonWeb3DemoUITests;
			productName = platonWeb3DemoUITests;
			productReference = 8141DDC321E5C36800F803DA /* platonWeb3DemoUITests.xctest */;
			productType = "com.apple.product-type.bundle.ui-testing";
		};
/* End PBXNativeTarget section */

/* Begin PBXProject section */
		8141DDA721E5C36600F803DA /* Project object */ = {
			isa = PBXProject;
			attributes = {
				LastSwiftUpdateCheck = 1000;
				LastUpgradeCheck = 1000;
				ORGANIZATIONNAME = ju;
				TargetAttributes = {
					8141DDAE21E5C36600F803DA = {
						CreatedOnToolsVersion = 10.0;
					};
					8141DDC221E5C36800F803DA = {
						CreatedOnToolsVersion = 10.0;
						TestTargetID = 8141DDAE21E5C36600F803DA;
					};
				};
			};
			buildConfigurationList = 8141DDAA21E5C36600F803DA /* Build configuration list for PBXProject "platonWeb3Demo" */;
			compatibilityVersion = "Xcode 9.3";
			developmentRegion = en;
			hasScannedForEncodings = 0;
			knownRegions = (
				en,
				Base,
			);
			mainGroup = 8141DDA621E5C36600F803DA;
			productRefGroup = 8141DDB021E5C36600F803DA /* Products */;
			projectDirPath = "";
			projectRoot = "";
			targets = (
				8141DDAE21E5C36600F803DA /* platonWeb3Demo */,
				8141DDC221E5C36800F803DA /* platonWeb3DemoUITests */,
			);
		};
/* End PBXProject section */

/* Begin PBXResourcesBuildPhase section */
		8141DDAD21E5C36600F803DA /* Resources */ = {
			isa = PBXResourcesBuildPhase;
			buildActionMask = 2147483647;
			files = (
				8141DDBD21E5C36800F803DA /* LaunchScreen.storyboard in Resources */,
				8141DF1821E5CB1900F803DA /* assets in Resources */,
				8141DDBA21E5C36800F803DA /* Assets.xcassets in Resources */,
				8141DDB821E5C36600F803DA /* Main.storyboard in Resources */,
			);
			runOnlyForDeploymentPostprocessing = 0;
		};
		8141DDC121E5C36800F803DA /* Resources */ = {
			isa = PBXResourcesBuildPhase;
			buildActionMask = 2147483647;
			files = (
			);
			runOnlyForDeploymentPostprocessing = 0;
		};
/* End PBXResourcesBuildPhase section */

/* Begin PBXShellScriptBuildPhase section */
		68BA59BC7B8009BC800CC5E6 /* [CP] Embed Pods Frameworks */ = {
			isa = PBXShellScriptBuildPhase;
			buildActionMask = 2147483647;
			files = (
			);
			inputFileListPaths = (
			);
			inputPaths = (
				"${SRCROOT}/Pods/Target Support Files/Pods-platonWeb3Demo/Pods-platonWeb3Demo-frameworks.sh",
				"${BUILT_PRODUCTS_DIR}/BigInt/BigInt.framework",
				"${BUILT_PRODUCTS_DIR}/CryptoSwift/CryptoSwift.framework",
				"${BUILT_PRODUCTS_DIR}/Localize-Swift/Localize_Swift.framework",
				"${BUILT_PRODUCTS_DIR}/SipHash/SipHash.framework",
				"${BUILT_PRODUCTS_DIR}/secp256k1.swift/secp256k1.framework",
			);
			name = "[CP] Embed Pods Frameworks";
			outputFileListPaths = (
			);
			outputPaths = (
				"${TARGET_BUILD_DIR}/${FRAMEWORKS_FOLDER_PATH}/BigInt.framework",
				"${TARGET_BUILD_DIR}/${FRAMEWORKS_FOLDER_PATH}/CryptoSwift.framework",
				"${TARGET_BUILD_DIR}/${FRAMEWORKS_FOLDER_PATH}/Localize_Swift.framework",
				"${TARGET_BUILD_DIR}/${FRAMEWORKS_FOLDER_PATH}/SipHash.framework",
				"${TARGET_BUILD_DIR}/${FRAMEWORKS_FOLDER_PATH}/secp256k1.framework",
			);
			runOnlyForDeploymentPostprocessing = 0;
			shellPath = /bin/sh;
			shellScript = "\"${SRCROOT}/Pods/Target Support Files/Pods-platonWeb3Demo/Pods-platonWeb3Demo-frameworks.sh\"\n";
			showEnvVarsInLog = 0;
		};
		94DEB36C7ABC8929230D8661 /* [CP] Check Pods Manifest.lock */ = {
			isa = PBXShellScriptBuildPhase;
			buildActionMask = 2147483647;
			files = (
			);
			inputFileListPaths = (
			);
			inputPaths = (
				"${PODS_PODFILE_DIR_PATH}/Podfile.lock",
				"${PODS_ROOT}/Manifest.lock",
			);
			name = "[CP] Check Pods Manifest.lock";
			outputFileListPaths = (
			);
			outputPaths = (
				"$(DERIVED_FILE_DIR)/Pods-platonWeb3Demo-checkManifestLockResult.txt",
			);
			runOnlyForDeploymentPostprocessing = 0;
			shellPath = /bin/sh;
			shellScript = "diff \"${PODS_PODFILE_DIR_PATH}/Podfile.lock\" \"${PODS_ROOT}/Manifest.lock\" > /dev/null\nif [ $? != 0 ] ; then\n    # print error to STDERR\n    echo \"error: The sandbox is not in sync with the Podfile.lock. Run 'pod install' or update your CocoaPods installation.\" >&2\n    exit 1\nfi\n# This output is used by Xcode 'outputs' to avoid re-running this script phase.\necho \"SUCCESS\" > \"${SCRIPT_OUTPUT_FILE_0}\"\n";
			showEnvVarsInLog = 0;
		};
		DCEABDCEDBD6937EE45E8AB4 /* [CP] Check Pods Manifest.lock */ = {
			isa = PBXShellScriptBuildPhase;
			buildActionMask = 2147483647;
			files = (
			);
			inputFileListPaths = (
			);
			inputPaths = (
				"${PODS_PODFILE_DIR_PATH}/Podfile.lock",
				"${PODS_ROOT}/Manifest.lock",
			);
			name = "[CP] Check Pods Manifest.lock";
			outputFileListPaths = (
			);
			outputPaths = (
				"$(DERIVED_FILE_DIR)/Pods-platonWeb3DemoUITests-checkManifestLockResult.txt",
			);
			runOnlyForDeploymentPostprocessing = 0;
			shellPath = /bin/sh;
			shellScript = "diff \"${PODS_PODFILE_DIR_PATH}/Podfile.lock\" \"${PODS_ROOT}/Manifest.lock\" > /dev/null\nif [ $? != 0 ] ; then\n    # print error to STDERR\n    echo \"error: The sandbox is not in sync with the Podfile.lock. Run 'pod install' or update your CocoaPods installation.\" >&2\n    exit 1\nfi\n# This output is used by Xcode 'outputs' to avoid re-running this script phase.\necho \"SUCCESS\" > \"${SCRIPT_OUTPUT_FILE_0}\"\n";
			showEnvVarsInLog = 0;
		};
/* End PBXShellScriptBuildPhase section */

/* Begin PBXSourcesBuildPhase section */
		8141DDAB21E5C36600F803DA /* Sources */ = {
			isa = PBXSourcesBuildPhase;
			buildActionMask = 2147483647;
			files = (
				8141DF0021E5CACC00F803DA /* ERC20.swift in Sources */,
				8141DF0321E5CACC00F803DA /* ContractPromiseExtensions.swift in Sources */,
				8141DED421E5CACC00F803DA /* EthereumPrivateKey.swift in Sources */,
				8141DED621E5CACC00F803DA /* Web3Provider.swift in Sources */,
				8141DF0A21E5CACC00F803DA /* SolidityType.swift in Sources */,
				8141DEEA21E5CACC00F803DA /* EthereumLogObject.swift in Sources */,
				8141DF0721E5CACC00F803DA /* Eth+ABI.swift in Sources */,
				8141DDB521E5C36600F803DA /* ViewController.swift in Sources */,
				8141DED921E5CACC00F803DA /* RLPEncoder.swift in Sources */,
				8141DF0E21E5CACC00F803DA /* SolidityTuple.swift in Sources */,
				8141DED521E5CACC00F803DA /* EthereumTransaction.swift in Sources */,
				8141DEEB21E5CACC00F803DA /* String+BytesConvertible.swift in Sources */,
				8141DEFD21E5CACC00F803DA /* Eth+Contract.swift in Sources */,
				8141DEE721E5CACC00F803DA /* EthereumCall.swift in Sources */,
				8141DEF921E5CACC00F803DA /* Values+GeneralHashable.swift in Sources */,
				8141DEFB21E5CACC00F803DA /* Secp256k1+CTXCreator.swift in Sources */,
				8141DED321E5CACC00F803DA /* EthereumAddress.swift in Sources */,
				8141DEE321E5CACC00F803DA /* EthereumQuantity.swift in Sources */,
				8141DEF021E5CACC00F803DA /* String+HexBytes.swift in Sources */,
				8141DEE221E5CACC00F803DA /* EthereumValueConvertible.swift in Sources */,
				8141DEF521E5CACC00F803DA /* BigUInt+BytesConvertible.swift in Sources */,
				8141DF0B21E5CACC00F803DA /* SolidityType+Codable.swift in Sources */,
				8141DF0221E5CACC00F803DA /* ERC165.swift in Sources */,
				8141DEF621E5CACC00F803DA /* Bytes+UInt.swift in Sources */,
				8141DEFE21E5CACC00F803DA /* SolidityEvent.swift in Sources */,
				8141DEE521E5CACC00F803DA /* EthereumValue.swift in Sources */,
				8141DEEE21E5CACC00F803DA /* Bytes+TrimLeadingZeros.swift in Sources */,
				8141DF2321E611A900F803DA /* CandidateContract.swift in Sources */,
				8141DF1621E5CACC00F803DA /* Web3ResponseHelper.swift in Sources */,
				8141DEFF21E5CACC00F803DA /* ABIObject.swift in Sources */,
				8141DF0421E5CACC00F803DA /* SolidityFunction.swift in Sources */,
				8141DED721E5CACC00F803DA /* Web3.swift in Sources */,
				8141DF1421E5CACC00F803DA /* Web3+Extensions.swift in Sources */,
				8141DEE021E5CACC00F803DA /* RPCRequest.swift in Sources */,
				8141DEE921E5CACC00F803DA /* Types+EthereumValueConvertible.swift in Sources */,
				8141DF0121E5CACC00F803DA /* ERC721.swift in Sources */,
				8141DEFC21E5CACC00F803DA /* UnsignedInteger+Shifting.swift in Sources */,
				8141DEE821E5CACC00F803DA /* EthereumQuantityTag.swift in Sources */,
				8141DF0D21E5CACC00F803DA /* ABI.swift in Sources */,
				8141DEF421E5CACC00F803DA /* CharacterSet+Hex.swift in Sources */,
				8141DF1221E5CACC00F803DA /* Web3HttpProvider.swift in Sources */,
				8141DEDB21E5CACC00F803DA /* RLPDecoder.swift in Sources */,
				8141DEF321E5CACC00F803DA /* Data+BytesConvertible.swift in Sources */,
				8141DF1D21E5D2C600F803DA /* CandidateViewController.swift in Sources */,
				8141DED221E5CACC00F803DA /* EthereumPublicKey.swift in Sources */,
				8141DF2521E61A5F00F803DA /* config.swift in Sources */,
				8141DEDE21E5CACC00F803DA /* EthereumTransactionReceiptObject.swift in Sources */,
				8141DEDD21E5CACC00F803DA /* EthereumBlockObject.swift in Sources */,
				8141DEE121E5CACC00F803DA /* EthereumSyncStatusObject.swift in Sources */,
				8141DEE621E5CACC00F803DA /* RPCResponse.swift in Sources */,
				8141DF0C21E5CACC00F803DA /* SolidityWrappedValue.swift in Sources */,
				8141DED821E5CACC00F803DA /* RLPItem.swift in Sources */,
				8141DF1121E5CACC00F803DA /* Web3+HTTPInitializer.swift in Sources */,
				8141DF0921E5CACC00F803DA /* ABIDecoder.swift in Sources */,
				8141DEF821E5CACC00F803DA /* Int+ETH.swift in Sources */,
				8141DEE421E5CACC00F803DA /* EthereumTransactionObject.swift in Sources */,
				8141DF0821E5CACC00F803DA /* ABIEncoder.swift in Sources */,
				8141DEED21E5CACC00F803DA /* UInt+BytesRepresentable.swift in Sources */,
				8141DF1F21E6016700F803DA /* Data+extension.swift in Sources */,
				8141DEDF21E5CACC00F803DA /* EthereumData.swift in Sources */,
				8141DEDA21E5CACC00F803DA /* RLPItemConvertible.swift in Sources */,
				8141DF2121E6116000F803DA /* firstdemo.swift in Sources */,
				8141DF0521E5CACC00F803DA /* EthereumContract.swift in Sources */,
				8141DF0F21E5CACC00F803DA /* ABIConvertible.swift in Sources */,
				8141DF1321E5CACC00F803DA /* PlatonContractTest.swift in Sources */,
				8141DF0621E5CACC00F803DA /* SolidityInvocation.swift in Sources */,
				8141DEFA21E5CACC00F803DA /* UnsignedInteger+BytesConvertible.swift in Sources */,
				8141DF1B21E5D2B900F803DA /* FirstDemoViewController.swift in Sources */,
				8141DDB321E5C36600F803DA /* AppDelegate.swift in Sources */,
				8141DED121E5CACC00F803DA /* Web3+completion.swift in Sources */,
				8141DEF121E5CACC00F803DA /* BytesConvertible.swift in Sources */,
				8141DF1021E5CACC00F803DA /* PlatonWeb3Test.swift in Sources */,
				8141DEEF21E5CACC00F803DA /* Bytes+SecureRandom.swift in Sources */,
				8141DEF721E5CACC00F803DA /* Exports+Web3.swift in Sources */,
				817A9BD621E6DFF500C94CB4 /* Contract.swift in Sources */,
				8141DEEC21E5CACC00F803DA /* Bytes+HexString.swift in Sources */,
				8141DEF221E5CACC00F803DA /* String+Conversion.swift in Sources */,
				8141DF1521E5CACC00F803DA /* Config.swift in Sources */,
				8141DEDC21E5CACC00F803DA /* Types+RLPItemConvertible.swift in Sources */,
			);
			runOnlyForDeploymentPostprocessing = 0;
		};
		8141DDBF21E5C36800F803DA /* Sources */ = {
			isa = PBXSourcesBuildPhase;
			buildActionMask = 2147483647;
			files = (
				8141DDC821E5C36800F803DA /* platonWeb3DemoUITests.swift in Sources */,
			);
			runOnlyForDeploymentPostprocessing = 0;
		};
/* End PBXSourcesBuildPhase section */

/* Begin PBXTargetDependency section */
		8141DDC521E5C36800F803DA /* PBXTargetDependency */ = {
			isa = PBXTargetDependency;
			target = 8141DDAE21E5C36600F803DA /* platonWeb3Demo */;
			targetProxy = 8141DDC421E5C36800F803DA /* PBXContainerItemProxy */;
		};
/* End PBXTargetDependency section */

/* Begin PBXVariantGroup section */
		8141DDB621E5C36600F803DA /* Main.storyboard */ = {
			isa = PBXVariantGroup;
			children = (
				8141DDB721E5C36600F803DA /* Base */,
			);
			name = Main.storyboard;
			sourceTree = "<group>";
		};
		8141DDBB21E5C36800F803DA /* LaunchScreen.storyboard */ = {
			isa = PBXVariantGroup;
			children = (
				8141DDBC21E5C36800F803DA /* Base */,
			);
			name = LaunchScreen.storyboard;
			sourceTree = "<group>";
		};
/* End PBXVariantGroup section */

/* Begin XCBuildConfiguration section */
		8141DDCA21E5C36800F803DA /* Debug */ = {
			isa = XCBuildConfiguration;
			buildSettings = {
				ALWAYS_SEARCH_USER_PATHS = NO;
				CLANG_ANALYZER_NONNULL = YES;
				CLANG_ANALYZER_NUMBER_OBJECT_CONVERSION = YES_AGGRESSIVE;
				CLANG_CXX_LANGUAGE_STANDARD = "gnu++14";
				CLANG_CXX_LIBRARY = "libc++";
				CLANG_ENABLE_MODULES = YES;
				CLANG_ENABLE_OBJC_ARC = YES;
				CLANG_ENABLE_OBJC_WEAK = YES;
				CLANG_WARN_BLOCK_CAPTURE_AUTORELEASING = YES;
				CLANG_WARN_BOOL_CONVERSION = YES;
				CLANG_WARN_COMMA = YES;
				CLANG_WARN_CONSTANT_CONVERSION = YES;
				CLANG_WARN_DEPRECATED_OBJC_IMPLEMENTATIONS = YES;
				CLANG_WARN_DIRECT_OBJC_ISA_USAGE = YES_ERROR;
				CLANG_WARN_DOCUMENTATION_COMMENTS = YES;
				CLANG_WARN_EMPTY_BODY = YES;
				CLANG_WARN_ENUM_CONVERSION = YES;
				CLANG_WARN_INFINITE_RECURSION = YES;
				CLANG_WARN_INT_CONVERSION = YES;
				CLANG_WARN_NON_LITERAL_NULL_CONVERSION = YES;
				CLANG_WARN_OBJC_IMPLICIT_RETAIN_SELF = YES;
				CLANG_WARN_OBJC_LITERAL_CONVERSION = YES;
				CLANG_WARN_OBJC_ROOT_CLASS = YES_ERROR;
				CLANG_WARN_RANGE_LOOP_ANALYSIS = YES;
				CLANG_WARN_STRICT_PROTOTYPES = YES;
				CLANG_WARN_SUSPICIOUS_MOVE = YES;
				CLANG_WARN_UNGUARDED_AVAILABILITY = YES_AGGRESSIVE;
				CLANG_WARN_UNREACHABLE_CODE = YES;
				CLANG_WARN__DUPLICATE_METHOD_MATCH = YES;
				CODE_SIGN_IDENTITY = "iPhone Developer";
				COPY_PHASE_STRIP = NO;
				DEBUG_INFORMATION_FORMAT = dwarf;
				ENABLE_STRICT_OBJC_MSGSEND = YES;
				ENABLE_TESTABILITY = YES;
				GCC_C_LANGUAGE_STANDARD = gnu11;
				GCC_DYNAMIC_NO_PIC = NO;
				GCC_NO_COMMON_BLOCKS = YES;
				GCC_OPTIMIZATION_LEVEL = 0;
				GCC_PREPROCESSOR_DEFINITIONS = (
					"DEBUG=1",
					"$(inherited)",
				);
				GCC_WARN_64_TO_32_BIT_CONVERSION = YES;
				GCC_WARN_ABOUT_RETURN_TYPE = YES_ERROR;
				GCC_WARN_UNDECLARED_SELECTOR = YES;
				GCC_WARN_UNINITIALIZED_AUTOS = YES_AGGRESSIVE;
				GCC_WARN_UNUSED_FUNCTION = YES;
				GCC_WARN_UNUSED_VARIABLE = YES;
				IPHONEOS_DEPLOYMENT_TARGET = 9.0;
				MTL_ENABLE_DEBUG_INFO = INCLUDE_SOURCE;
				MTL_FAST_MATH = YES;
				ONLY_ACTIVE_ARCH = YES;
				SDKROOT = iphoneos;
				SWIFT_ACTIVE_COMPILATION_CONDITIONS = DEBUG;
				SWIFT_OPTIMIZATION_LEVEL = "-Onone";
			};
			name = Debug;
		};
		8141DDCB21E5C36800F803DA /* Release */ = {
			isa = XCBuildConfiguration;
			buildSettings = {
				ALWAYS_SEARCH_USER_PATHS = NO;
				CLANG_ANALYZER_NONNULL = YES;
				CLANG_ANALYZER_NUMBER_OBJECT_CONVERSION = YES_AGGRESSIVE;
				CLANG_CXX_LANGUAGE_STANDARD = "gnu++14";
				CLANG_CXX_LIBRARY = "libc++";
				CLANG_ENABLE_MODULES = YES;
				CLANG_ENABLE_OBJC_ARC = YES;
				CLANG_ENABLE_OBJC_WEAK = YES;
				CLANG_WARN_BLOCK_CAPTURE_AUTORELEASING = YES;
				CLANG_WARN_BOOL_CONVERSION = YES;
				CLANG_WARN_COMMA = YES;
				CLANG_WARN_CONSTANT_CONVERSION = YES;
				CLANG_WARN_DEPRECATED_OBJC_IMPLEMENTATIONS = YES;
				CLANG_WARN_DIRECT_OBJC_ISA_USAGE = YES_ERROR;
				CLANG_WARN_DOCUMENTATION_COMMENTS = YES;
				CLANG_WARN_EMPTY_BODY = YES;
				CLANG_WARN_ENUM_CONVERSION = YES;
				CLANG_WARN_INFINITE_RECURSION = YES;
				CLANG_WARN_INT_CONVERSION = YES;
				CLANG_WARN_NON_LITERAL_NULL_CONVERSION = YES;
				CLANG_WARN_OBJC_IMPLICIT_RETAIN_SELF = YES;
				CLANG_WARN_OBJC_LITERAL_CONVERSION = YES;
				CLANG_WARN_OBJC_ROOT_CLASS = YES_ERROR;
				CLANG_WARN_RANGE_LOOP_ANALYSIS = YES;
				CLANG_WARN_STRICT_PROTOTYPES = YES;
				CLANG_WARN_SUSPICIOUS_MOVE = YES;
				CLANG_WARN_UNGUARDED_AVAILABILITY = YES_AGGRESSIVE;
				CLANG_WARN_UNREACHABLE_CODE = YES;
				CLANG_WARN__DUPLICATE_METHOD_MATCH = YES;
				CODE_SIGN_IDENTITY = "iPhone Developer";
				COPY_PHASE_STRIP = NO;
				DEBUG_INFORMATION_FORMAT = "dwarf-with-dsym";
				ENABLE_NS_ASSERTIONS = NO;
				ENABLE_STRICT_OBJC_MSGSEND = YES;
				GCC_C_LANGUAGE_STANDARD = gnu11;
				GCC_NO_COMMON_BLOCKS = YES;
				GCC_WARN_64_TO_32_BIT_CONVERSION = YES;
				GCC_WARN_ABOUT_RETURN_TYPE = YES_ERROR;
				GCC_WARN_UNDECLARED_SELECTOR = YES;
				GCC_WARN_UNINITIALIZED_AUTOS = YES_AGGRESSIVE;
				GCC_WARN_UNUSED_FUNCTION = YES;
				GCC_WARN_UNUSED_VARIABLE = YES;
				IPHONEOS_DEPLOYMENT_TARGET = 9.0;
				MTL_ENABLE_DEBUG_INFO = NO;
				MTL_FAST_MATH = YES;
				SDKROOT = iphoneos;
				SWIFT_COMPILATION_MODE = wholemodule;
				SWIFT_OPTIMIZATION_LEVEL = "-O";
				VALIDATE_PRODUCT = YES;
			};
			name = Release;
		};
		8141DDCD21E5C36800F803DA /* Debug */ = {
			isa = XCBuildConfiguration;
			baseConfigurationReference = BA5F8F4002A0DD861594D32C /* Pods-platonWeb3Demo.debug.xcconfig */;
			buildSettings = {
				ASSETCATALOG_COMPILER_APPICON_NAME = AppIcon;
				CODE_SIGN_STYLE = Manual;
				DEVELOPMENT_TEAM = VQHC4XR7AG;
				INFOPLIST_FILE = platonWeb3Demo/Info.plist;
				LD_RUNPATH_SEARCH_PATHS = (
					"$(inherited)",
					"@executable_path/Frameworks",
				);
				PRODUCT_BUNDLE_IDENTIFIER = com.ju.platonWeb3Demo;
				PRODUCT_NAME = "$(TARGET_NAME)";
				PROVISIONING_PROFILE_SPECIFIER = JuWildCard;
				SWIFT_VERSION = 4.2;
				TARGETED_DEVICE_FAMILY = "1,2";
			};
			name = Debug;
		};
		8141DDCE21E5C36800F803DA /* Release */ = {
			isa = XCBuildConfiguration;
			baseConfigurationReference = 6DC32B1E064729AAD9B74992 /* Pods-platonWeb3Demo.release.xcconfig */;
			buildSettings = {
				ASSETCATALOG_COMPILER_APPICON_NAME = AppIcon;
				CODE_SIGN_IDENTITY = "iPhone Distribution";
				CODE_SIGN_STYLE = Manual;
				DEVELOPMENT_TEAM = VQHC4XR7AG;
				INFOPLIST_FILE = platonWeb3Demo/Info.plist;
				LD_RUNPATH_SEARCH_PATHS = (
					"$(inherited)",
					"@executable_path/Frameworks",
				);
				PRODUCT_BUNDLE_IDENTIFIER = com.ju.platonWeb3Demo;
				PRODUCT_NAME = "$(TARGET_NAME)";
				PROVISIONING_PROFILE_SPECIFIER = adhoc_WildCard_new;
				SWIFT_VERSION = 4.2;
				TARGETED_DEVICE_FAMILY = "1,2";
			};
			name = Release;
		};
		8141DDD021E5C36800F803DA /* Debug */ = {
			isa = XCBuildConfiguration;
			baseConfigurationReference = 0BC329738C1983A4FF1254B4 /* Pods-platonWeb3DemoUITests.debug.xcconfig */;
			buildSettings = {
				ALWAYS_EMBED_SWIFT_STANDARD_LIBRARIES = YES;
				CODE_SIGN_STYLE = Automatic;
				INFOPLIST_FILE = platonWeb3DemoUITests/Info.plist;
				LD_RUNPATH_SEARCH_PATHS = (
					"$(inherited)",
					"@executable_path/Frameworks",
					"@loader_path/Frameworks",
				);
				PRODUCT_BUNDLE_IDENTIFIER = com.ju.platonWeb3DemoUITests;
				PRODUCT_NAME = "$(TARGET_NAME)";
				SWIFT_VERSION = 4.2;
				TARGETED_DEVICE_FAMILY = "1,2";
				TEST_TARGET_NAME = platonWeb3Demo;
			};
			name = Debug;
		};
		8141DDD121E5C36800F803DA /* Release */ = {
			isa = XCBuildConfiguration;
			baseConfigurationReference = A7C2D1A01CDA4F71E53689CA /* Pods-platonWeb3DemoUITests.release.xcconfig */;
			buildSettings = {
				ALWAYS_EMBED_SWIFT_STANDARD_LIBRARIES = YES;
				CODE_SIGN_STYLE = Automatic;
				INFOPLIST_FILE = platonWeb3DemoUITests/Info.plist;
				LD_RUNPATH_SEARCH_PATHS = (
					"$(inherited)",
					"@executable_path/Frameworks",
					"@loader_path/Frameworks",
				);
				PRODUCT_BUNDLE_IDENTIFIER = com.ju.platonWeb3DemoUITests;
				PRODUCT_NAME = "$(TARGET_NAME)";
				SWIFT_VERSION = 4.2;
				TARGETED_DEVICE_FAMILY = "1,2";
				TEST_TARGET_NAME = platonWeb3Demo;
			};
			name = Release;
		};
/* End XCBuildConfiguration section */

/* Begin XCConfigurationList section */
		8141DDAA21E5C36600F803DA /* Build configuration list for PBXProject "platonWeb3Demo" */ = {
			isa = XCConfigurationList;
			buildConfigurations = (
				8141DDCA21E5C36800F803DA /* Debug */,
				8141DDCB21E5C36800F803DA /* Release */,
			);
			defaultConfigurationIsVisible = 0;
			defaultConfigurationName = Release;
		};
		8141DDCC21E5C36800F803DA /* Build configuration list for PBXNativeTarget "platonWeb3Demo" */ = {
			isa = XCConfigurationList;
			buildConfigurations = (
				8141DDCD21E5C36800F803DA /* Debug */,
				8141DDCE21E5C36800F803DA /* Release */,
			);
			defaultConfigurationIsVisible = 0;
			defaultConfigurationName = Release;
		};
		8141DDCF21E5C36800F803DA /* Build configuration list for PBXNativeTarget "platonWeb3DemoUITests" */ = {
			isa = XCConfigurationList;
			buildConfigurations = (
				8141DDD021E5C36800F803DA /* Debug */,
				8141DDD121E5C36800F803DA /* Release */,
			);
			defaultConfigurationIsVisible = 0;
			defaultConfigurationName = Release;
		};
/* End XCConfigurationList section */
	};
	rootObject = 8141DDA721E5C36600F803DA /* Project object */;
}
